
Microsoft Visual Studio Solution File, Format Version 12.00
# Visual Studio Version 16
VisualStudioVersion = 16.0.31005.135
MinimumVisualStudioVersion = 10.0.40219.1
Project("{FAE04EC0-301F-11D3-BF4B-00C04F79EFBC}") = "ADSystem", "ADSystem\ADSystem.csproj", "{9F7133AC-D343-4AF0-AB81-6388B6E8480E}"
EndProject
Project("{FAE04EC0-301F-11D3-BF4B-00C04F79EFBC}") = "ADEntities", "ADEntities\ADEntities.csproj", "{9EFDFEBC-EEB0-44B0-ABB0-72F9EE431538}"
EndProject
Project("{FAE04EC0-301F-11D3-BF4B-00C04F79EFBC}") = "ADTASKS", "ADTASKS\ADTASKS.csproj", "{54C06C31-EF5B-45A3-9C2B-975EC5FACFB1}"
EndProject
Global
	GlobalSection(SolutionConfigurationPlatforms) = preSolution
		Debug|Any CPU = Debug|Any CPU
		Release|Any CPU = Release|Any CPU
	EndGlobalSection
	GlobalSection(ProjectConfigurationPlatforms) = postSolution
		{9F7133AC-D343-4AF0-AB81-6388B6E8480E}.Debug|Any CPU.ActiveCfg = Debug|Any CPU
		{9F7133AC-D343-4AF0-AB81-6388B6E8480E}.Debug|Any CPU.Build.0 = Debug|Any CPU
		{9F7133AC-D343-4AF0-AB81-6388B6E8480E}.Release|Any CPU.ActiveCfg = Debug|Any CPU
		{9F7133AC-D343-4AF0-AB81-6388B6E8480E}.Release|Any CPU.Build.0 = Debug|Any CPU
		{9EFDFEBC-EEB0-44B0-ABB0-72F9EE431538}.Debug|Any CPU.ActiveCfg = Debug|Any CPU
		{9EFDFEBC-EEB0-44B0-ABB0-72F9EE431538}.Debug|Any CPU.Build.0 = Debug|Any CPU
		{9EFDFEBC-EEB0-44B0-ABB0-72F9EE431538}.Release|Any CPU.ActiveCfg = Debug|Any CPU
		{9EFDFEBC-EEB0-44B0-ABB0-72F9EE431538}.Release|Any CPU.Build.0 = Debug|Any CPU
		{54C06C31-EF5B-45A3-9C2B-975EC5FACFB1}.Debug|Any CPU.ActiveCfg = Debug|Any CPU
		{54C06C31-EF5B-45A3-9C2B-975EC5FACFB1}.Debug|Any CPU.Build.0 = Debug|Any CPU
		{54C06C31-EF5B-45A3-9C2B-975EC5FACFB1}.Release|Any CPU.ActiveCfg = Release|Any CPU
		{54C06C31-EF5B-45A3-9C2B-975EC5FACFB1}.Release|Any CPU.Build.0 = Release|Any CPU
	EndGlobalSection
	GlobalSection(SolutionProperties) = preSolution
		HideSolutionNode = FALSE
	EndGlobalSection
	GlobalSection(ExtensibilityGlobals) = postSolution
		SolutionGuid = {27660FD7-1BA6-48DC-9DA6-00394383B23A}
	EndGlobalSection
EndGlobal
